{
  "object": {
    "pins": [
      {
        "package": "PKHUD",
        "repositoryURL": "https://github.com/pkluz/PKHUD",
        "state": {
          "branch": null,
          "revision": "8fd26f23057c6bebd6695524b1c3e05e93aba571",
          "version": "5.4.0"
        }
      },
      {
        "package": "RxSwift",
        "repositoryURL": "https://github.com/ReactiveX/RxSwift",
        "state": {
          "branch": "main",
          "revision": "b48f2e9536cd985d912126709b97bd743e58c8fc",
          "version": null
        }
      }
    ]
  },
  "version": 1
}
