// !$*UTF8*$!
{
	archiveVersion = 1;
	classes = {
	};
	objectVersion = 55;
	objects = {

/* Begin PBXBuildFile section */
		1A3860B027214E1D00F1A234 /* AppDelegate.swift in Sources */ = {isa = PBXBuildFile; fileRef = 1A3860AF27214E1D00F1A234 /* AppDelegate.swift */; };
		1A3860B227214E1D00F1A234 /* SceneDelegate.swift in Sources */ = {isa = PBXBuildFile; fileRef = 1A3860B127214E1D00F1A234 /* SceneDelegate.swift */; };
		1A3860B427214E1D00F1A234 /* HomeViewController.swift in Sources */ = {isa = PBXBuildFile; fileRef = 1A3860B327214E1D00F1A234 /* HomeViewController.swift */; };
		1A3860B927214E2000F1A234 /* Assets.xcassets in Resources */ = {isa = PBXBuildFile; fileRef = 1A3860B827214E2000F1A234 /* Assets.xcassets */; };
		1A3860BC27214E2000F1A234 /* LaunchScreen.storyboard in Resources */ = {isa = PBXBuildFile; fileRef = 1A3860BA27214E2000F1A234 /* LaunchScreen.storyboard */; };
		1A3860CB27218EB400F1A234 /* BottomControlView.swift in Sources */ = {isa = PBXBuildFile; fileRef = 1A3860CA27218EB400F1A234 /* BottomControlView.swift */; };
		1A3860CE2721BAA900F1A234 /* UIImage-Extension.swift in Sources */ = {isa = PBXBuildFile; fileRef = 1A3860CD2721BAA900F1A234 /* UIImage-Extension.swift */; };
		1A3860D02721C7AE00F1A234 /* BottomButton.swift in Sources */ = {isa = PBXBuildFile; fileRef = 1A3860CF2721C7AE00F1A234 /* BottomButton.swift */; };
		1A3860D22721C7D800F1A234 /* BottomButtonView.swift in Sources */ = {isa = PBXBuildFile; fileRef = 1A3860D12721C7D800F1A234 /* BottomButtonView.swift */; };
		1A3860D427224B0400F1A234 /* TopControlView.swift in Sources */ = {isa = PBXBuildFile; fileRef = 1A3860D327224B0400F1A234 /* TopControlView.swift */; };
		1A3860D72722639600F1A234 /* RxCocoa in Frameworks */ = {isa = PBXBuildFile; productRef = 1A3860D62722639600F1A234 /* RxCocoa */; };
		1A3860D92722639600F1A234 /* RxRelay in Frameworks */ = {isa = PBXBuildFile; productRef = 1A3860D82722639600F1A234 /* RxRelay */; };
		1A3860DB2722639600F1A234 /* RxSwift in Frameworks */ = {isa = PBXBuildFile; productRef = 1A3860DA2722639600F1A234 /* RxSwift */; };
		1A3860DD2722896C00F1A234 /* UIView-Extension.swift in Sources */ = {isa = PBXBuildFile; fileRef = 1A3860DC2722896C00F1A234 /* UIView-Extension.swift */; };
		1A3860DF2722958900F1A234 /* CardView.swift in Sources */ = {isa = PBXBuildFile; fileRef = 1A3860DE2722958900F1A234 /* CardView.swift */; };
		1A3860E12725BC5200F1A234 /* UIColor-Extension.swift in Sources */ = {isa = PBXBuildFile; fileRef = 1A3860E02725BC5200F1A234 /* UIColor-Extension.swift */; };
		1A3860E32725BDA400F1A234 /* Colors.swift in Sources */ = {isa = PBXBuildFile; fileRef = 1A3860E22725BDA400F1A234 /* Colors.swift */; };
		1A3860E62725C97C00F1A234 /* CardInfoLabel.swift in Sources */ = {isa = PBXBuildFile; fileRef = 1A3860E52725C97C00F1A234 /* CardInfoLabel.swift */; };
		1A3860E82725D28200F1A234 /* UIButton-Extension.swift in Sources */ = {isa = PBXBuildFile; fileRef = 1A3860E72725D28200F1A234 /* UIButton-Extension.swift */; };
		1A3860EA2725D45100F1A234 /* CardImageView.swift in Sources */ = {isa = PBXBuildFile; fileRef = 1A3860E92725D45100F1A234 /* CardImageView.swift */; };
		1A3860EC2725F99400F1A234 /* GoogleService-Info.plist in Resources */ = {isa = PBXBuildFile; fileRef = 1A3860EB2725F99400F1A234 /* GoogleService-Info.plist */; };
		1A3860EF2725FAC300F1A234 /* FirebaseAnalytics in Frameworks */ = {isa = PBXBuildFile; productRef = 1A3860EE2725FAC300F1A234 /* FirebaseAnalytics */; };
		1A3860F12725FAC300F1A234 /* FirebaseAuth in Frameworks */ = {isa = PBXBuildFile; productRef = 1A3860F02725FAC300F1A234 /* FirebaseAuth */; };
		1A3860F32725FAC300F1A234 /* FirebaseCrashlytics in Frameworks */ = {isa = PBXBuildFile; productRef = 1A3860F22725FAC300F1A234 /* FirebaseCrashlytics */; };
		1A3860F52725FAC300F1A234 /* FirebaseFirestore in Frameworks */ = {isa = PBXBuildFile; productRef = 1A3860F42725FAC300F1A234 /* FirebaseFirestore */; };
		1A3860F72725FBFA00F1A234 /* RegisterViewController.swift in Sources */ = {isa = PBXBuildFile; fileRef = 1A3860F62725FBFA00F1A234 /* RegisterViewController.swift */; };
		1A3860FB272604AD00F1A234 /* RegisterTextField.swift in Sources */ = {isa = PBXBuildFile; fileRef = 1A3860FA272604AD00F1A234 /* RegisterTextField.swift */; };
		1A3860FD2726091900F1A234 /* RegisterTitleLabel.swift in Sources */ = {isa = PBXBuildFile; fileRef = 1A3860FC2726091800F1A234 /* RegisterTitleLabel.swift */; };
		1A3860FF27260DE800F1A234 /* RegisterButton.swift in Sources */ = {isa = PBXBuildFile; fileRef = 1A3860FE27260DE800F1A234 /* RegisterButton.swift */; };
/* End PBXBuildFile section */

/* Begin PBXFileReference section */
		1A3860AC27214E1D00F1A234 /* TinderApp.app */ = {isa = PBXFileReference; explicitFileType = wrapper.application; includeInIndex = 0; path = TinderApp.app; sourceTree = BUILT_PRODUCTS_DIR; };
		1A3860AF27214E1D00F1A234 /* AppDelegate.swift */ = {isa = PBXFileReference; lastKnownFileType = sourcecode.swift; path = AppDelegate.swift; sourceTree = "<group>"; };
		1A3860B127214E1D00F1A234 /* SceneDelegate.swift */ = {isa = PBXFileReference; lastKnownFileType = sourcecode.swift; path = SceneDelegate.swift; sourceTree = "<group>"; };
		1A3860B327214E1D00F1A234 /* HomeViewController.swift */ = {isa = PBXFileReference; lastKnownFileType = sourcecode.swift; path = HomeViewController.swift; sourceTree = "<group>"; };
		1A3860B827214E2000F1A234 /* Assets.xcassets */ = {isa = PBXFileReference; lastKnownFileType = folder.assetcatalog; path = Assets.xcassets; sourceTree = "<group>"; };
		1A3860BB27214E2000F1A234 /* Base */ = {isa = PBXFileReference; lastKnownFileType = file.storyboard; name = Base; path = Base.lproj/LaunchScreen.storyboard; sourceTree = "<group>"; };
		1A3860BD27214E2000F1A234 /* Info.plist */ = {isa = PBXFileReference; lastKnownFileType = text.plist.xml; path = Info.plist; sourceTree = "<group>"; };
		1A3860CA27218EB400F1A234 /* BottomControlView.swift */ = {isa = PBXFileReference; lastKnownFileType = sourcecode.swift; path = BottomControlView.swift; sourceTree = "<group>"; };
		1A3860CD2721BAA900F1A234 /* UIImage-Extension.swift */ = {isa = PBXFileReference; lastKnownFileType = sourcecode.swift; path = "UIImage-Extension.swift"; sourceTree = "<group>"; };
		1A3860CF2721C7AE00F1A234 /* BottomButton.swift */ = {isa = PBXFileReference; lastKnownFileType = sourcecode.swift; path = BottomButton.swift; sourceTree = "<group>"; };
		1A3860D12721C7D800F1A234 /* BottomButtonView.swift */ = {isa = PBXFileReference; lastKnownFileType = sourcecode.swift; path = BottomButtonView.swift; sourceTree = "<group>"; };
		1A3860D327224B0400F1A234 /* TopControlView.swift */ = {isa = PBXFileReference; lastKnownFileType = sourcecode.swift; path = TopControlView.swift; sourceTree = "<group>"; };
		1A3860DC2722896C00F1A234 /* UIView-Extension.swift */ = {isa = PBXFileReference; lastKnownFileType = sourcecode.swift; path = "UIView-Extension.swift"; sourceTree = "<group>"; };
		1A3860DE2722958900F1A234 /* CardView.swift */ = {isa = PBXFileReference; lastKnownFileType = sourcecode.swift; path = CardView.swift; sourceTree = "<group>"; };
		1A3860E02725BC5200F1A234 /* UIColor-Extension.swift */ = {isa = PBXFileReference; lastKnownFileType = sourcecode.swift; path = "UIColor-Extension.swift"; sourceTree = "<group>"; };
		1A3860E22725BDA400F1A234 /* Colors.swift */ = {isa = PBXFileReference; lastKnownFileType = sourcecode.swift; path = Colors.swift; sourceTree = "<group>"; };
		1A3860E52725C97C00F1A234 /* CardInfoLabel.swift */ = {isa = PBXFileReference; lastKnownFileType = sourcecode.swift; path = CardInfoLabel.swift; sourceTree = "<group>"; };
		1A3860E72725D28200F1A234 /* UIButton-Extension.swift */ = {isa = PBXFileReference; lastKnownFileType = sourcecode.swift; path = "UIButton-Extension.swift"; sourceTree = "<group>"; };
		1A3860E92725D45100F1A234 /* CardImageView.swift */ = {isa = PBXFileReference; lastKnownFileType = sourcecode.swift; path = CardImageView.swift; sourceTree = "<group>"; };
		1A3860EB2725F99400F1A234 /* GoogleService-Info.plist */ = {isa = PBXFileReference; fileEncoding = 4; lastKnownFileType = text.plist.xml; path = "GoogleService-Info.plist"; sourceTree = "<group>"; };
		1A3860F62725FBFA00F1A234 /* RegisterViewController.swift */ = {isa = PBXFileReference; lastKnownFileType = sourcecode.swift; path = RegisterViewController.swift; sourceTree = "<group>"; };
		1A3860FA272604AD00F1A234 /* RegisterTextField.swift */ = {isa = PBXFileReference; lastKnownFileType = sourcecode.swift; path = RegisterTextField.swift; sourceTree = "<group>"; };
		1A3860FC2726091800F1A234 /* RegisterTitleLabel.swift */ = {isa = PBXFileReference; lastKnownFileType = sourcecode.swift; path = RegisterTitleLabel.swift; sourceTree = "<group>"; };
		1A3860FE27260DE800F1A234 /* RegisterButton.swift */ = {isa = PBXFileReference; lastKnownFileType = sourcecode.swift; path = RegisterButton.swift; sourceTree = "<group>"; };
/* End PBXFileReference section */

/* Begin PBXFrameworksBuildPhase section */
		1A3860A927214E1D00F1A234 /* Frameworks */ = {
			isa = PBXFrameworksBuildPhase;
			buildActionMask = 2147483647;
			files = (
				1A3860DB2722639600F1A234 /* RxSwift in Frameworks */,
				1A3860F12725FAC300F1A234 /* FirebaseAuth in Frameworks */,
				1A3860D92722639600F1A234 /* RxRelay in Frameworks */,
				1A3860F32725FAC300F1A234 /* FirebaseCrashlytics in Frameworks */,
				1A3860EF2725FAC300F1A234 /* FirebaseAnalytics in Frameworks */,
				1A3860D72722639600F1A234 /* RxCocoa in Frameworks */,
				1A3860F52725FAC300F1A234 /* FirebaseFirestore in Frameworks */,
			);
			runOnlyForDeploymentPostprocessing = 0;
		};
/* End PBXFrameworksBuildPhase section */

/* Begin PBXGroup section */
		1A3860A327214E1D00F1A234 = {
			isa = PBXGroup;
			children = (
				1A3860AE27214E1D00F1A234 /* TinderApp */,
				1A3860AD27214E1D00F1A234 /* Products */,
			);
			sourceTree = "<group>";
		};
		1A3860AD27214E1D00F1A234 /* Products */ = {
			isa = PBXGroup;
			children = (
				1A3860AC27214E1D00F1A234 /* TinderApp.app */,
			);
			name = Products;
			sourceTree = "<group>";
		};
		1A3860AE27214E1D00F1A234 /* TinderApp */ = {
			isa = PBXGroup;
			children = (
				1A3860E42725BDBD00F1A234 /* Design */,
				1A3860CC2721BA8A00F1A234 /* Extensions */,
				1A3860C927218E9B00F1A234 /* Views */,
				1A3860C827218E6C00F1A234 /* ViewControllers */,
				1A3860AF27214E1D00F1A234 /* AppDelegate.swift */,
				1A3860B127214E1D00F1A234 /* SceneDelegate.swift */,
				1A3860BA27214E2000F1A234 /* LaunchScreen.storyboard */,
				1A3860BD27214E2000F1A234 /* Info.plist */,
				1A3860EB2725F99400F1A234 /* GoogleService-Info.plist */,
			);
			path = TinderApp;
			sourceTree = "<group>";
		};
		1A3860C827218E6C00F1A234 /* ViewControllers */ = {
			isa = PBXGroup;
			children = (
				1A3860B327214E1D00F1A234 /* HomeViewController.swift */,
				1A3860F62725FBFA00F1A234 /* RegisterViewController.swift */,
			);
			path = ViewControllers;
			sourceTree = "<group>";
		};
		1A3860C927218E9B00F1A234 /* Views */ = {
			isa = PBXGroup;
			children = (
				1A3860F82726043500F1A234 /* Home */,
				1A3860F92726044F00F1A234 /* Register */,
			);
			path = Views;
			sourceTree = "<group>";
		};
		1A3860CC2721BA8A00F1A234 /* Extensions */ = {
			isa = PBXGroup;
			children = (
				1A3860CD2721BAA900F1A234 /* UIImage-Extension.swift */,
				1A3860DC2722896C00F1A234 /* UIView-Extension.swift */,
				1A3860E02725BC5200F1A234 /* UIColor-Extension.swift */,
				1A3860E72725D28200F1A234 /* UIButton-Extension.swift */,
			);
			path = Extensions;
			sourceTree = "<group>";
		};
		1A3860E42725BDBD00F1A234 /* Design */ = {
			isa = PBXGroup;
			children = (
				1A3860E22725BDA400F1A234 /* Colors.swift */,
				1A3860B827214E2000F1A234 /* Assets.xcassets */,
			);
			path = Design;
			sourceTree = "<group>";
		};
		1A3860F82726043500F1A234 /* Home */ = {
			isa = PBXGroup;
			children = (
				1A3860CA27218EB400F1A234 /* BottomControlView.swift */,
				1A3860CF2721C7AE00F1A234 /* BottomButton.swift */,
				1A3860D12721C7D800F1A234 /* BottomButtonView.swift */,
				1A3860D327224B0400F1A234 /* TopControlView.swift */,
				1A3860DE2722958900F1A234 /* CardView.swift */,
				1A3860E52725C97C00F1A234 /* CardInfoLabel.swift */,
				1A3860E92725D45100F1A234 /* CardImageView.swift */,
			);
			path = Home;
			sourceTree = "<group>";
		};
		1A3860F92726044F00F1A234 /* Register */ = {
			isa = PBXGroup;
			children = (
				1A3860FA272604AD00F1A234 /* RegisterTextField.swift */,
				1A3860FC2726091800F1A234 /* RegisterTitleLabel.swift */,
				1A3860FE27260DE800F1A234 /* RegisterButton.swift */,
			);
			path = Register;
			sourceTree = "<group>";
		};
/* End PBXGroup section */

/* Begin PBXNativeTarget section */
		1A3860AB27214E1D00F1A234 /* TinderApp */ = {
			isa = PBXNativeTarget;
			buildConfigurationList = 1A3860C027214E2000F1A234 /* Build configuration list for PBXNativeTarget "TinderApp" */;
			buildPhases = (
				1A3860A827214E1D00F1A234 /* Sources */,
				1A3860A927214E1D00F1A234 /* Frameworks */,
				1A3860AA27214E1D00F1A234 /* Resources */,
			);
			buildRules = (
			);
			dependencies = (
			);
			name = TinderApp;
			packageProductDependencies = (
				1A3860D62722639600F1A234 /* RxCocoa */,
				1A3860D82722639600F1A234 /* RxRelay */,
				1A3860DA2722639600F1A234 /* RxSwift */,
				1A3860EE2725FAC300F1A234 /* FirebaseAnalytics */,
				1A3860F02725FAC300F1A234 /* FirebaseAuth */,
				1A3860F22725FAC300F1A234 /* FirebaseCrashlytics */,
				1A3860F42725FAC300F1A234 /* FirebaseFirestore */,
			);
			productName = TinderApp;
			productReference = 1A3860AC27214E1D00F1A234 /* TinderApp.app */;
			productType = "com.apple.product-type.application";
		};
/* End PBXNativeTarget section */

/* Begin PBXProject section */
		1A3860A427214E1D00F1A234 /* Project object */ = {
			isa = PBXProject;
			attributes = {
				BuildIndependentTargetsInParallel = 1;
				LastSwiftUpdateCheck = 1300;
				LastUpgradeCheck = 1300;
				TargetAttributes = {
					1A3860AB27214E1D00F1A234 = {
						CreatedOnToolsVersion = 13.0;
					};
				};
			};
			buildConfigurationList = 1A3860A727214E1D00F1A234 /* Build configuration list for PBXProject "TinderApp" */;
			compatibilityVersion = "Xcode 13.0";
			developmentRegion = en;
			hasScannedForEncodings = 0;
			knownRegions = (
				en,
				Base,
			);
			mainGroup = 1A3860A327214E1D00F1A234;
			packageReferences = (
				1A3860D52722639600F1A234 /* XCRemoteSwiftPackageReference "RxSwift" */,
				1A3860ED2725FAC200F1A234 /* XCRemoteSwiftPackageReference "firebase-ios-sdk" */,
			);
			productRefGroup = 1A3860AD27214E1D00F1A234 /* Products */;
			projectDirPath = "";
			projectRoot = "";
			targets = (
				1A3860AB27214E1D00F1A234 /* TinderApp */,
			);
		};
/* End PBXProject section */

/* Begin PBXResourcesBuildPhase section */
		1A3860AA27214E1D00F1A234 /* Resources */ = {
			isa = PBXResourcesBuildPhase;
			buildActionMask = 2147483647;
			files = (
				1A3860BC27214E2000F1A234 /* LaunchScreen.storyboard in Resources */,
				1A3860B927214E2000F1A234 /* Assets.xcassets in Resources */,
				1A3860EC2725F99400F1A234 /* GoogleService-Info.plist in Resources */,
			);
			runOnlyForDeploymentPostprocessing = 0;
		};
/* End PBXResourcesBuildPhase section */

/* Begin PBXSourcesBuildPhase section */
		1A3860A827214E1D00F1A234 /* Sources */ = {
			isa = PBXSourcesBuildPhase;
			buildActionMask = 2147483647;
			files = (
				1A3860D02721C7AE00F1A234 /* BottomButton.swift in Sources */,
				1A3860FB272604AD00F1A234 /* RegisterTextField.swift in Sources */,
				1A3860FD2726091900F1A234 /* RegisterTitleLabel.swift in Sources */,
				1A3860E82725D28200F1A234 /* UIButton-Extension.swift in Sources */,
				1A3860E32725BDA400F1A234 /* Colors.swift in Sources */,
				1A3860D22721C7D800F1A234 /* BottomButtonView.swift in Sources */,
				1A3860FF27260DE800F1A234 /* RegisterButton.swift in Sources */,
				1A3860B427214E1D00F1A234 /* HomeViewController.swift in Sources */,
				1A3860DD2722896C00F1A234 /* UIView-Extension.swift in Sources */,
				1A3860DF2722958900F1A234 /* CardView.swift in Sources */,
				1A3860F72725FBFA00F1A234 /* RegisterViewController.swift in Sources */,
				1A3860B027214E1D00F1A234 /* AppDelegate.swift in Sources */,
				1A3860B227214E1D00F1A234 /* SceneDelegate.swift in Sources */,
				1A3860CB27218EB400F1A234 /* BottomControlView.swift in Sources */,
				1A3860EA2725D45100F1A234 /* CardImageView.swift in Sources */,
				1A3860D427224B0400F1A234 /* TopControlView.swift in Sources */,
				1A3860CE2721BAA900F1A234 /* UIImage-Extension.swift in Sources */,
				1A3860E12725BC5200F1A234 /* UIColor-Extension.swift in Sources */,
				1A3860E62725C97C00F1A234 /* CardInfoLabel.swift in Sources */,
			);
			runOnlyForDeploymentPostprocessing = 0;
		};
/* End PBXSourcesBuildPhase section */

/* Begin PBXVariantGroup section */
		1A3860BA27214E2000F1A234 /* LaunchScreen.storyboard */ = {
			isa = PBXVariantGroup;
			children = (
				1A3860BB27214E2000F1A234 /* Base */,
			);
			name = LaunchScreen.storyboard;
			sourceTree = "<group>";
		};
/* End PBXVariantGroup section */

/* Begin XCBuildConfiguration section */
		1A3860BE27214E2000F1A234 /* Debug */ = {
			isa = XCBuildConfiguration;
			buildSettings = {
				ALWAYS_SEARCH_USER_PATHS = NO;
				CLANG_ANALYZER_NONNULL = YES;
				CLANG_ANALYZER_NUMBER_OBJECT_CONVERSION = YES_AGGRESSIVE;
				CLANG_CXX_LANGUAGE_STANDARD = "gnu++17";
				CLANG_CXX_LIBRARY = "libc++";
				CLANG_ENABLE_MODULES = YES;
				CLANG_ENABLE_OBJC_ARC = YES;
				CLANG_ENABLE_OBJC_WEAK = YES;
				CLANG_WARN_BLOCK_CAPTURE_AUTORELEASING = YES;
				CLANG_WARN_BOOL_CONVERSION = YES;
				CLANG_WARN_COMMA = YES;
				CLANG_WARN_CONSTANT_CONVERSION = YES;
				CLANG_WARN_DEPRECATED_OBJC_IMPLEMENTATIONS = YES;
				CLANG_WARN_DIRECT_OBJC_ISA_USAGE = YES_ERROR;
				CLANG_WARN_DOCUMENTATION_COMMENTS = YES;
				CLANG_WARN_EMPTY_BODY = YES;
				CLANG_WARN_ENUM_CONVERSION = YES;
				CLANG_WARN_INFINITE_RECURSION = YES;
				CLANG_WARN_INT_CONVERSION = YES;
				CLANG_WARN_NON_LITERAL_NULL_CONVERSION = YES;
				CLANG_WARN_OBJC_IMPLICIT_RETAIN_SELF = YES;
				CLANG_WARN_OBJC_LITERAL_CONVERSION = YES;
				CLANG_WARN_OBJC_ROOT_CLASS = YES_ERROR;
				CLANG_WARN_QUOTED_INCLUDE_IN_FRAMEWORK_HEADER = YES;
				CLANG_WARN_RANGE_LOOP_ANALYSIS = YES;
				CLANG_WARN_STRICT_PROTOTYPES = YES;
				CLANG_WARN_SUSPICIOUS_MOVE = YES;
				CLANG_WARN_UNGUARDED_AVAILABILITY = YES_AGGRESSIVE;
				CLANG_WARN_UNREACHABLE_CODE = YES;
				CLANG_WARN__DUPLICATE_METHOD_MATCH = YES;
				COPY_PHASE_STRIP = NO;
				DEBUG_INFORMATION_FORMAT = dwarf;
				ENABLE_STRICT_OBJC_MSGSEND = YES;
				ENABLE_TESTABILITY = YES;
				GCC_C_LANGUAGE_STANDARD = gnu11;
				GCC_DYNAMIC_NO_PIC = NO;
				GCC_NO_COMMON_BLOCKS = YES;
				GCC_OPTIMIZATION_LEVEL = 0;
				GCC_PREPROCESSOR_DEFINITIONS = (
					"DEBUG=1",
					"$(inherited)",
				);
				GCC_WARN_64_TO_32_BIT_CONVERSION = YES;
				GCC_WARN_ABOUT_RETURN_TYPE = YES_ERROR;
				GCC_WARN_UNDECLARED_SELECTOR = YES;
				GCC_WARN_UNINITIALIZED_AUTOS = YES_AGGRESSIVE;
				GCC_WARN_UNUSED_FUNCTION = YES;
				GCC_WARN_UNUSED_VARIABLE = YES;
				IPHONEOS_DEPLOYMENT_TARGET = 15.0;
				MTL_ENABLE_DEBUG_INFO = INCLUDE_SOURCE;
				MTL_FAST_MATH = YES;
				ONLY_ACTIVE_ARCH = YES;
				SDKROOT = iphoneos;
				SWIFT_ACTIVE_COMPILATION_CONDITIONS = DEBUG;
				SWIFT_OPTIMIZATION_LEVEL = "-Onone";
			};
			name = Debug;
		};
		1A3860BF27214E2000F1A234 /* Release */ = {
			isa = XCBuildConfiguration;
			buildSettings = {
				ALWAYS_SEARCH_USER_PATHS = NO;
				CLANG_ANALYZER_NONNULL = YES;
				CLANG_ANALYZER_NUMBER_OBJECT_CONVERSION = YES_AGGRESSIVE;
				CLANG_CXX_LANGUAGE_STANDARD = "gnu++17";
				CLANG_CXX_LIBRARY = "libc++";
				CLANG_ENABLE_MODULES = YES;
				CLANG_ENABLE_OBJC_ARC = YES;
				CLANG_ENABLE_OBJC_WEAK = YES;
				CLANG_WARN_BLOCK_CAPTURE_AUTORELEASING = YES;
				CLANG_WARN_BOOL_CONVERSION = YES;
				CLANG_WARN_COMMA = YES;
				CLANG_WARN_CONSTANT_CONVERSION = YES;
				CLANG_WARN_DEPRECATED_OBJC_IMPLEMENTATIONS = YES;
				CLANG_WARN_DIRECT_OBJC_ISA_USAGE = YES_ERROR;
				CLANG_WARN_DOCUMENTATION_COMMENTS = YES;
				CLANG_WARN_EMPTY_BODY = YES;
				CLANG_WARN_ENUM_CONVERSION = YES;
				CLANG_WARN_INFINITE_RECURSION = YES;
				CLANG_WARN_INT_CONVERSION = YES;
				CLANG_WARN_NON_LITERAL_NULL_CONVERSION = YES;
				CLANG_WARN_OBJC_IMPLICIT_RETAIN_SELF = YES;
				CLANG_WARN_OBJC_LITERAL_CONVERSION = YES;
				CLANG_WARN_OBJC_ROOT_CLASS = YES_ERROR;
				CLANG_WARN_QUOTED_INCLUDE_IN_FRAMEWORK_HEADER = YES;
				CLANG_WARN_RANGE_LOOP_ANALYSIS = YES;
				CLANG_WARN_STRICT_PROTOTYPES = YES;
				CLANG_WARN_SUSPICIOUS_MOVE = YES;
				CLANG_WARN_UNGUARDED_AVAILABILITY = YES_AGGRESSIVE;
				CLANG_WARN_UNREACHABLE_CODE = YES;
				CLANG_WARN__DUPLICATE_METHOD_MATCH = YES;
				COPY_PHASE_STRIP = NO;
				DEBUG_INFORMATION_FORMAT = "dwarf-with-dsym";
				ENABLE_NS_ASSERTIONS = NO;
				ENABLE_STRICT_OBJC_MSGSEND = YES;
				GCC_C_LANGUAGE_STANDARD = gnu11;
				GCC_NO_COMMON_BLOCKS = YES;
				GCC_WARN_64_TO_32_BIT_CONVERSION = YES;
				GCC_WARN_ABOUT_RETURN_TYPE = YES_ERROR;
				GCC_WARN_UNDECLARED_SELECTOR = YES;
				GCC_WARN_UNINITIALIZED_AUTOS = YES_AGGRESSIVE;
				GCC_WARN_UNUSED_FUNCTION = YES;
				GCC_WARN_UNUSED_VARIABLE = YES;
				IPHONEOS_DEPLOYMENT_TARGET = 15.0;
				MTL_ENABLE_DEBUG_INFO = NO;
				MTL_FAST_MATH = YES;
				SDKROOT = iphoneos;
				SWIFT_COMPILATION_MODE = wholemodule;
				SWIFT_OPTIMIZATION_LEVEL = "-O";
				VALIDATE_PRODUCT = YES;
			};
			name = Release;
		};
		1A3860C127214E2000F1A234 /* Debug */ = {
			isa = XCBuildConfiguration;
			buildSettings = {
				ASSETCATALOG_COMPILER_APPICON_NAME = AppIcon;
				ASSETCATALOG_COMPILER_GLOBAL_ACCENT_COLOR_NAME = AccentColor;
				CODE_SIGN_STYLE = Automatic;
				CURRENT_PROJECT_VERSION = 1;
				DEVELOPMENT_TEAM = 8K9JFKB9X4;
				GENERATE_INFOPLIST_FILE = YES;
				INFOPLIST_FILE = TinderApp/Info.plist;
				INFOPLIST_KEY_UIApplicationSupportsIndirectInputEvents = YES;
				INFOPLIST_KEY_UILaunchStoryboardName = LaunchScreen;
				INFOPLIST_KEY_UISupportedInterfaceOrientations = UIInterfaceOrientationPortrait;
				INFOPLIST_KEY_UISupportedInterfaceOrientations_iPad = "UIInterfaceOrientationPortrait UIInterfaceOrientationPortraitUpsideDown UIInterfaceOrientationLandscapeLeft UIInterfaceOrientationLandscapeRight";
				INFOPLIST_KEY_UISupportedInterfaceOrientations_iPhone = "UIInterfaceOrientationPortrait UIInterfaceOrientationLandscapeLeft UIInterfaceOrientationLandscapeRight";
				LD_RUNPATH_SEARCH_PATHS = (
					"$(inherited)",
					"@executable_path/Frameworks",
				);
				MARKETING_VERSION = 1.0;
				PRODUCT_BUNDLE_IDENTIFIER = com.bochan.TinderApp;
				PRODUCT_NAME = "$(TARGET_NAME)";
				SWIFT_EMIT_LOC_STRINGS = YES;
				SWIFT_VERSION = 5.0;
				TARGETED_DEVICE_FAMILY = "1,2";
			};
			name = Debug;
		};
		1A3860C227214E2000F1A234 /* Release */ = {
			isa = XCBuildConfiguration;
			buildSettings = {
				ASSETCATALOG_COMPILER_APPICON_NAME = AppIcon;
				ASSETCATALOG_COMPILER_GLOBAL_ACCENT_COLOR_NAME = AccentColor;
				CODE_SIGN_STYLE = Automatic;
				CURRENT_PROJECT_VERSION = 1;
				DEVELOPMENT_TEAM = 8K9JFKB9X4;
				GENERATE_INFOPLIST_FILE = YES;
				INFOPLIST_FILE = TinderApp/Info.plist;
				INFOPLIST_KEY_UIApplicationSupportsIndirectInputEvents = YES;
				INFOPLIST_KEY_UILaunchStoryboardName = LaunchScreen;
				INFOPLIST_KEY_UISupportedInterfaceOrientations = UIInterfaceOrientationPortrait;
				INFOPLIST_KEY_UISupportedInterfaceOrientations_iPad = "UIInterfaceOrientationPortrait UIInterfaceOrientationPortraitUpsideDown UIInterfaceOrientationLandscapeLeft UIInterfaceOrientationLandscapeRight";
				INFOPLIST_KEY_UISupportedInterfaceOrientations_iPhone = "UIInterfaceOrientationPortrait UIInterfaceOrientationLandscapeLeft UIInterfaceOrientationLandscapeRight";
				LD_RUNPATH_SEARCH_PATHS = (
					"$(inherited)",
					"@executable_path/Frameworks",
				);
				MARKETING_VERSION = 1.0;
				PRODUCT_BUNDLE_IDENTIFIER = com.bochan.TinderApp;
				PRODUCT_NAME = "$(TARGET_NAME)";
				SWIFT_EMIT_LOC_STRINGS = YES;
				SWIFT_VERSION = 5.0;
				TARGETED_DEVICE_FAMILY = "1,2";
			};
			name = Release;
		};
/* End XCBuildConfiguration section */

/* Begin XCConfigurationList section */
		1A3860A727214E1D00F1A234 /* Build configuration list for PBXProject "TinderApp" */ = {
			isa = XCConfigurationList;
			buildConfigurations = (
				1A3860BE27214E2000F1A234 /* Debug */,
				1A3860BF27214E2000F1A234 /* Release */,
			);
			defaultConfigurationIsVisible = 0;
			defaultConfigurationName = Release;
		};
		1A3860C027214E2000F1A234 /* Build configuration list for PBXNativeTarget "TinderApp" */ = {
			isa = XCConfigurationList;
			buildConfigurations = (
				1A3860C127214E2000F1A234 /* Debug */,
				1A3860C227214E2000F1A234 /* Release */,
			);
			defaultConfigurationIsVisible = 0;
			defaultConfigurationName = Release;
		};
/* End XCConfigurationList section */

/* Begin XCRemoteSwiftPackageReference section */
		1A3860D52722639600F1A234 /* XCRemoteSwiftPackageReference "RxSwift" */ = {
			isa = XCRemoteSwiftPackageReference;
			repositoryURL = "https://github.com/ReactiveX/RxSwift";
			requirement = {
				branch = main;
				kind = branch;
			};
		};
		1A3860ED2725FAC200F1A234 /* XCRemoteSwiftPackageReference "firebase-ios-sdk" */ = {
			isa = XCRemoteSwiftPackageReference;
			repositoryURL = "https://github.com/firebase/firebase-ios-sdk.git";
			requirement = {
				kind = upToNextMajorVersion;
				minimumVersion = 8.0.0;
			};
		};
/* End XCRemoteSwiftPackageReference section */

/* Begin XCSwiftPackageProductDependency section */
		1A3860D62722639600F1A234 /* RxCocoa */ = {
			isa = XCSwiftPackageProductDependency;
			package = 1A3860D52722639600F1A234 /* XCRemoteSwiftPackageReference "RxSwift" */;
			productName = RxCocoa;
		};
		1A3860D82722639600F1A234 /* RxRelay */ = {
			isa = XCSwiftPackageProductDependency;
			package = 1A3860D52722639600F1A234 /* XCRemoteSwiftPackageReference "RxSwift" */;
			productName = RxRelay;
		};
		1A3860DA2722639600F1A234 /* RxSwift */ = {
			isa = XCSwiftPackageProductDependency;
			package = 1A3860D52722639600F1A234 /* XCRemoteSwiftPackageReference "RxSwift" */;
			productName = RxSwift;
		};
		1A3860EE2725FAC300F1A234 /* FirebaseAnalytics */ = {
			isa = XCSwiftPackageProductDependency;
			package = 1A3860ED2725FAC200F1A234 /* XCRemoteSwiftPackageReference "firebase-ios-sdk" */;
			productName = FirebaseAnalytics;
		};
		1A3860F02725FAC300F1A234 /* FirebaseAuth */ = {
			isa = XCSwiftPackageProductDependency;
			package = 1A3860ED2725FAC200F1A234 /* XCRemoteSwiftPackageReference "firebase-ios-sdk" */;
			productName = FirebaseAuth;
		};
		1A3860F22725FAC300F1A234 /* FirebaseCrashlytics */ = {
			isa = XCSwiftPackageProductDependency;
			package = 1A3860ED2725FAC200F1A234 /* XCRemoteSwiftPackageReference "firebase-ios-sdk" */;
			productName = FirebaseCrashlytics;
		};
		1A3860F42725FAC300F1A234 /* FirebaseFirestore */ = {
			isa = XCSwiftPackageProductDependency;
			package = 1A3860ED2725FAC200F1A234 /* XCRemoteSwiftPackageReference "firebase-ios-sdk" */;
			productName = FirebaseFirestore;
		};
/* End XCSwiftPackageProductDependency section */
	};
	rootObject = 1A3860A427214E1D00F1A234 /* Project object */;
}
